// !$*UTF8*$!
{
	archiveVersion = 1;
	classes = {
	};
	objectVersion = 46;
	objects = {

/* Begin PBXAggregateTarget section */
		1EC913E11A39988600D236A7 /* UniversalFramework */ = {
			isa = PBXAggregateTarget;
			buildConfigurationList = 1EC913E21A39988600D236A7 /* Build configuration list for PBXAggregateTarget "UniversalFramework" */;
			buildPhases = (
				1EC913E51A39989800D236A7 /* Build Universal Framework */,
			);
			dependencies = (
			);
			name = UniversalFramework;
			productName = UniversalFramework;
		};
/* End PBXAggregateTarget section */

/* Begin PBXBuildFile section */
		1E3FD0A81A3E8FF7000C7E58 /* AFHTTPRequestOperation.h in Headers */ = {isa = PBXBuildFile; fileRef = 1E3FD08B1A3E8FF7000C7E58 /* AFHTTPRequestOperation.h */; };
		1E3FD0A91A3E8FF7000C7E58 /* AFHTTPRequestOperation.m in Sources */ = {isa = PBXBuildFile; fileRef = 1E3FD08C1A3E8FF7000C7E58 /* AFHTTPRequestOperation.m */; };
		1E3FD0AA1A3E8FF7000C7E58 /* AFHTTPRequestOperationManager.h in Headers */ = {isa = PBXBuildFile; fileRef = 1E3FD08D1A3E8FF7000C7E58 /* AFHTTPRequestOperationManager.h */; };
		1E3FD0AB1A3E8FF7000C7E58 /* AFHTTPRequestOperationManager.m in Sources */ = {isa = PBXBuildFile; fileRef = 1E3FD08E1A3E8FF7000C7E58 /* AFHTTPRequestOperationManager.m */; };
		1E3FD0AC1A3E8FF7000C7E58 /* AFHTTPSessionManager.h in Headers */ = {isa = PBXBuildFile; fileRef = 1E3FD08F1A3E8FF7000C7E58 /* AFHTTPSessionManager.h */; };
		1E3FD0AD1A3E8FF7000C7E58 /* AFHTTPSessionManager.m in Sources */ = {isa = PBXBuildFile; fileRef = 1E3FD0901A3E8FF7000C7E58 /* AFHTTPSessionManager.m */; };
		1E3FD0AE1A3E8FF7000C7E58 /* AFNetworkActivityIndicatorManager.h in Headers */ = {isa = PBXBuildFile; fileRef = 1E3FD0911A3E8FF7000C7E58 /* AFNetworkActivityIndicatorManager.h */; };
		1E3FD0AF1A3E8FF7000C7E58 /* AFNetworkActivityIndicatorManager.m in Sources */ = {isa = PBXBuildFile; fileRef = 1E3FD0921A3E8FF7000C7E58 /* AFNetworkActivityIndicatorManager.m */; };
		1E3FD0B01A3E8FF7000C7E58 /* AFNetworking.h in Headers */ = {isa = PBXBuildFile; fileRef = 1E3FD0931A3E8FF7000C7E58 /* AFNetworking.h */; };
		1E3FD0B11A3E8FF7000C7E58 /* AFNetworkReachabilityManager.h in Headers */ = {isa = PBXBuildFile; fileRef = 1E3FD0941A3E8FF7000C7E58 /* AFNetworkReachabilityManager.h */; };
		1E3FD0B21A3E8FF7000C7E58 /* AFNetworkReachabilityManager.m in Sources */ = {isa = PBXBuildFile; fileRef = 1E3FD0951A3E8FF7000C7E58 /* AFNetworkReachabilityManager.m */; };
		1E3FD0B31A3E8FF7000C7E58 /* AFSecurityPolicy.h in Headers */ = {isa = PBXBuildFile; fileRef = 1E3FD0961A3E8FF7000C7E58 /* AFSecurityPolicy.h */; };
		1E3FD0B41A3E8FF7000C7E58 /* AFSecurityPolicy.m in Sources */ = {isa = PBXBuildFile; fileRef = 1E3FD0971A3E8FF7000C7E58 /* AFSecurityPolicy.m */; };
		1E3FD0B51A3E8FF7000C7E58 /* AFURLConnectionOperation.h in Headers */ = {isa = PBXBuildFile; fileRef = 1E3FD0981A3E8FF7000C7E58 /* AFURLConnectionOperation.h */; };
		1E3FD0B61A3E8FF7000C7E58 /* AFURLConnectionOperation.m in Sources */ = {isa = PBXBuildFile; fileRef = 1E3FD0991A3E8FF7000C7E58 /* AFURLConnectionOperation.m */; };
		1E3FD0B71A3E8FF7000C7E58 /* AFURLRequestSerialization.h in Headers */ = {isa = PBXBuildFile; fileRef = 1E3FD09A1A3E8FF7000C7E58 /* AFURLRequestSerialization.h */; };
		1E3FD0B81A3E8FF7000C7E58 /* AFURLRequestSerialization.m in Sources */ = {isa = PBXBuildFile; fileRef = 1E3FD09B1A3E8FF7000C7E58 /* AFURLRequestSerialization.m */; };
		1E3FD0B91A3E8FF7000C7E58 /* AFURLResponseSerialization.h in Headers */ = {isa = PBXBuildFile; fileRef = 1E3FD09C1A3E8FF7000C7E58 /* AFURLResponseSerialization.h */; };
		1E3FD0BA1A3E8FF7000C7E58 /* AFURLResponseSerialization.m in Sources */ = {isa = PBXBuildFile; fileRef = 1E3FD09D1A3E8FF7000C7E58 /* AFURLResponseSerialization.m */; };
		1E3FD0BB1A3E8FF7000C7E58 /* AFURLSessionManager.h in Headers */ = {isa = PBXBuildFile; fileRef = 1E3FD09E1A3E8FF7000C7E58 /* AFURLSessionManager.h */; };
		1E3FD0BC1A3E8FF7000C7E58 /* AFURLSessionManager.m in Sources */ = {isa = PBXBuildFile; fileRef = 1E3FD09F1A3E8FF7000C7E58 /* AFURLSessionManager.m */; };
		1E3FD0BD1A3E8FF7000C7E58 /* GoogleOpenSource.framework in Frameworks */ = {isa = PBXBuildFile; fileRef = 1E3FD0A11A3E8FF7000C7E58 /* GoogleOpenSource.framework */; };
		1E3FD0BE1A3E8FF7000C7E58 /* GooglePlus.bundle in Resources */ = {isa = PBXBuildFile; fileRef = 1E3FD0A21A3E8FF7000C7E58 /* GooglePlus.bundle */; };
		1E3FD0BF1A3E8FF7000C7E58 /* GooglePlus.framework in Frameworks */ = {isa = PBXBuildFile; fileRef = 1E3FD0A31A3E8FF7000C7E58 /* GooglePlus.framework */; };
		1E3FD0C01A3E8FF7000C7E58 /* OMHClientDSUConnector.h in Headers */ = {isa = PBXBuildFile; fileRef = 1E3FD0A41A3E8FF7000C7E58 /* OMHClientDSUConnector.h */; };
		1E3FD0C11A3E8FF7000C7E58 /* OMHClientDSUConnector.m in Sources */ = {isa = PBXBuildFile; fileRef = 1E3FD0A51A3E8FF7000C7E58 /* OMHClientDSUConnector.m */; };
		1E3FD0C21A3E8FF7000C7E58 /* OMHDataPoint.h in Headers */ = {isa = PBXBuildFile; fileRef = 1E3FD0A61A3E8FF7000C7E58 /* OMHDataPoint.h */; };
		1E3FD0C31A3E8FF7000C7E58 /* OMHDataPoint.m in Sources */ = {isa = PBXBuildFile; fileRef = 1E3FD0A71A3E8FF7000C7E58 /* OMHDataPoint.m */; };
		1EB766511A39C037007921A4 /* UIKit.framework in Frameworks */ = {isa = PBXBuildFile; fileRef = 1EC913BD1A39888B00D236A7 /* UIKit.framework */; };
		1EB766521A39C03F007921A4 /* SystemConfiguration.framework in Frameworks */ = {isa = PBXBuildFile; fileRef = 1EC913BB1A39888500D236A7 /* SystemConfiguration.framework */; };
		1EB766531A39C044007921A4 /* Security.framework in Frameworks */ = {isa = PBXBuildFile; fileRef = 1EC913B91A39887C00D236A7 /* Security.framework */; };
		1EB766541A39C044007921A4 /* MediaPlayer.framework in Frameworks */ = {isa = PBXBuildFile; fileRef = 1EC913B71A39887200D236A7 /* MediaPlayer.framework */; };
		1EB766551A39C044007921A4 /* CoreText.framework in Frameworks */ = {isa = PBXBuildFile; fileRef = 1EC913B51A39886C00D236A7 /* CoreText.framework */; };
		1EB766561A39C044007921A4 /* CoreMotion.framework in Frameworks */ = {isa = PBXBuildFile; fileRef = 1EC913B31A39886100D236A7 /* CoreMotion.framework */; };
		1EB766571A39C044007921A4 /* CoreLocation.framework in Frameworks */ = {isa = PBXBuildFile; fileRef = 1EC913B11A39885B00D236A7 /* CoreLocation.framework */; };
		1EB766581A39C044007921A4 /* Foundation.framework in Frameworks */ = {isa = PBXBuildFile; fileRef = 1EC913AF1A39884C00D236A7 /* Foundation.framework */; };
		1EB766591A39C044007921A4 /* AssetsLibrary.framework in Frameworks */ = {isa = PBXBuildFile; fileRef = 1EC913AD1A39884000D236A7 /* AssetsLibrary.framework */; };
		1EB7665A1A39C044007921A4 /* AddressBook.framework in Frameworks */ = {isa = PBXBuildFile; fileRef = 1EC913AB1A39883A00D236A7 /* AddressBook.framework */; };
		1EC913391A39836000D236A7 /* OMHClientFramework.h in Headers */ = {isa = PBXBuildFile; fileRef = 1EC913381A39836000D236A7 /* OMHClientFramework.h */; settings = {ATTRIBUTES = (Public, ); }; };
/* End PBXBuildFile section */

/* Begin PBXFileReference section */
		1E3FD08B1A3E8FF7000C7E58 /* AFHTTPRequestOperation.h */ = {isa = PBXFileReference; fileEncoding = 4; lastKnownFileType = sourcecode.c.h; path = AFHTTPRequestOperation.h; sourceTree = "<group>"; };
		1E3FD08C1A3E8FF7000C7E58 /* AFHTTPRequestOperation.m */ = {isa = PBXFileReference; fileEncoding = 4; lastKnownFileType = sourcecode.c.objc; path = AFHTTPRequestOperation.m; sourceTree = "<group>"; };
		1E3FD08D1A3E8FF7000C7E58 /* AFHTTPRequestOperationManager.h */ = {isa = PBXFileReference; fileEncoding = 4; lastKnownFileType = sourcecode.c.h; path = AFHTTPRequestOperationManager.h; sourceTree = "<group>"; };
		1E3FD08E1A3E8FF7000C7E58 /* AFHTTPRequestOperationManager.m */ = {isa = PBXFileReference; fileEncoding = 4; lastKnownFileType = sourcecode.c.objc; path = AFHTTPRequestOperationManager.m; sourceTree = "<group>"; };
		1E3FD08F1A3E8FF7000C7E58 /* AFHTTPSessionManager.h */ = {isa = PBXFileReference; fileEncoding = 4; lastKnownFileType = sourcecode.c.h; path = AFHTTPSessionManager.h; sourceTree = "<group>"; };
		1E3FD0901A3E8FF7000C7E58 /* AFHTTPSessionManager.m */ = {isa = PBXFileReference; fileEncoding = 4; lastKnownFileType = sourcecode.c.objc; path = AFHTTPSessionManager.m; sourceTree = "<group>"; };
		1E3FD0911A3E8FF7000C7E58 /* AFNetworkActivityIndicatorManager.h */ = {isa = PBXFileReference; fileEncoding = 4; lastKnownFileType = sourcecode.c.h; path = AFNetworkActivityIndicatorManager.h; sourceTree = "<group>"; };
		1E3FD0921A3E8FF7000C7E58 /* AFNetworkActivityIndicatorManager.m */ = {isa = PBXFileReference; fileEncoding = 4; lastKnownFileType = sourcecode.c.objc; path = AFNetworkActivityIndicatorManager.m; sourceTree = "<group>"; };
		1E3FD0931A3E8FF7000C7E58 /* AFNetworking.h */ = {isa = PBXFileReference; fileEncoding = 4; lastKnownFileType = sourcecode.c.h; path = AFNetworking.h; sourceTree = "<group>"; };
		1E3FD0941A3E8FF7000C7E58 /* AFNetworkReachabilityManager.h */ = {isa = PBXFileReference; fileEncoding = 4; lastKnownFileType = sourcecode.c.h; path = AFNetworkReachabilityManager.h; sourceTree = "<group>"; };
		1E3FD0951A3E8FF7000C7E58 /* AFNetworkReachabilityManager.m */ = {isa = PBXFileReference; fileEncoding = 4; lastKnownFileType = sourcecode.c.objc; path = AFNetworkReachabilityManager.m; sourceTree = "<group>"; };
		1E3FD0961A3E8FF7000C7E58 /* AFSecurityPolicy.h */ = {isa = PBXFileReference; fileEncoding = 4; lastKnownFileType = sourcecode.c.h; path = AFSecurityPolicy.h; sourceTree = "<group>"; };
		1E3FD0971A3E8FF7000C7E58 /* AFSecurityPolicy.m */ = {isa = PBXFileReference; fileEncoding = 4; lastKnownFileType = sourcecode.c.objc; path = AFSecurityPolicy.m; sourceTree = "<group>"; };
		1E3FD0981A3E8FF7000C7E58 /* AFURLConnectionOperation.h */ = {isa = PBXFileReference; fileEncoding = 4; lastKnownFileType = sourcecode.c.h; path = AFURLConnectionOperation.h; sourceTree = "<group>"; };
		1E3FD0991A3E8FF7000C7E58 /* AFURLConnectionOperation.m */ = {isa = PBXFileReference; fileEncoding = 4; lastKnownFileType = sourcecode.c.objc; path = AFURLConnectionOperation.m; sourceTree = "<group>"; };
		1E3FD09A1A3E8FF7000C7E58 /* AFURLRequestSerialization.h */ = {isa = PBXFileReference; fileEncoding = 4; lastKnownFileType = sourcecode.c.h; path = AFURLRequestSerialization.h; sourceTree = "<group>"; };
		1E3FD09B1A3E8FF7000C7E58 /* AFURLRequestSerialization.m */ = {isa = PBXFileReference; fileEncoding = 4; lastKnownFileType = sourcecode.c.objc; path = AFURLRequestSerialization.m; sourceTree = "<group>"; };
		1E3FD09C1A3E8FF7000C7E58 /* AFURLResponseSerialization.h */ = {isa = PBXFileReference; fileEncoding = 4; lastKnownFileType = sourcecode.c.h; path = AFURLResponseSerialization.h; sourceTree = "<group>"; };
		1E3FD09D1A3E8FF7000C7E58 /* AFURLResponseSerialization.m */ = {isa = PBXFileReference; fileEncoding = 4; lastKnownFileType = sourcecode.c.objc; path = AFURLResponseSerialization.m; sourceTree = "<group>"; };
		1E3FD09E1A3E8FF7000C7E58 /* AFURLSessionManager.h */ = {isa = PBXFileReference; fileEncoding = 4; lastKnownFileType = sourcecode.c.h; path = AFURLSessionManager.h; sourceTree = "<group>"; };
		1E3FD09F1A3E8FF7000C7E58 /* AFURLSessionManager.m */ = {isa = PBXFileReference; fileEncoding = 4; lastKnownFileType = sourcecode.c.objc; path = AFURLSessionManager.m; sourceTree = "<group>"; };
		1E3FD0A11A3E8FF7000C7E58 /* GoogleOpenSource.framework */ = {isa = PBXFileReference; lastKnownFileType = wrapper.framework; path = GoogleOpenSource.framework; sourceTree = "<group>"; };
		1E3FD0A21A3E8FF7000C7E58 /* GooglePlus.bundle */ = {isa = PBXFileReference; lastKnownFileType = "wrapper.plug-in"; path = GooglePlus.bundle; sourceTree = "<group>"; };
		1E3FD0A31A3E8FF7000C7E58 /* GooglePlus.framework */ = {isa = PBXFileReference; lastKnownFileType = wrapper.framework; path = GooglePlus.framework; sourceTree = "<group>"; };
		1E3FD0A41A3E8FF7000C7E58 /* OMHClientDSUConnector.h */ = {isa = PBXFileReference; fileEncoding = 4; lastKnownFileType = sourcecode.c.h; path = OMHClientDSUConnector.h; sourceTree = "<group>"; };
		1E3FD0A51A3E8FF7000C7E58 /* OMHClientDSUConnector.m */ = {isa = PBXFileReference; fileEncoding = 4; lastKnownFileType = sourcecode.c.objc; path = OMHClientDSUConnector.m; sourceTree = "<group>"; };
		1E3FD0A61A3E8FF7000C7E58 /* OMHDataPoint.h */ = {isa = PBXFileReference; fileEncoding = 4; lastKnownFileType = sourcecode.c.h; path = OMHDataPoint.h; sourceTree = "<group>"; };
		1E3FD0A71A3E8FF7000C7E58 /* OMHDataPoint.m */ = {isa = PBXFileReference; fileEncoding = 4; lastKnownFileType = sourcecode.c.objc; path = OMHDataPoint.m; sourceTree = "<group>"; };
		1EC913331A39836000D236A7 /* OMHClient.framework */ = {isa = PBXFileReference; explicitFileType = wrapper.framework; includeInIndex = 0; path = OMHClient.framework; sourceTree = BUILT_PRODUCTS_DIR; };
		1EC913371A39836000D236A7 /* Info.plist */ = {isa = PBXFileReference; lastKnownFileType = text.plist.xml; path = Info.plist; sourceTree = "<group>"; };
		1EC913381A39836000D236A7 /* OMHClientFramework.h */ = {isa = PBXFileReference; lastKnownFileType = sourcecode.c.h; path = OMHClientFramework.h; sourceTree = "<group>"; };
		1EC913AB1A39883A00D236A7 /* AddressBook.framework */ = {isa = PBXFileReference; lastKnownFileType = wrapper.framework; name = AddressBook.framework; path = System/Library/Frameworks/AddressBook.framework; sourceTree = SDKROOT; };
		1EC913AD1A39884000D236A7 /* AssetsLibrary.framework */ = {isa = PBXFileReference; lastKnownFileType = wrapper.framework; name = AssetsLibrary.framework; path = System/Library/Frameworks/AssetsLibrary.framework; sourceTree = SDKROOT; };
		1EC913AF1A39884C00D236A7 /* Foundation.framework */ = {isa = PBXFileReference; lastKnownFileType = wrapper.framework; name = Foundation.framework; path = System/Library/Frameworks/Foundation.framework; sourceTree = SDKROOT; };
		1EC913B11A39885B00D236A7 /* CoreLocation.framework */ = {isa = PBXFileReference; lastKnownFileType = wrapper.framework; name = CoreLocation.framework; path = System/Library/Frameworks/CoreLocation.framework; sourceTree = SDKROOT; };
		1EC913B31A39886100D236A7 /* CoreMotion.framework */ = {isa = PBXFileReference; lastKnownFileType = wrapper.framework; name = CoreMotion.framework; path = System/Library/Frameworks/CoreMotion.framework; sourceTree = SDKROOT; };
		1EC913B51A39886C00D236A7 /* CoreText.framework */ = {isa = PBXFileReference; lastKnownFileType = wrapper.framework; name = CoreText.framework; path = System/Library/Frameworks/CoreText.framework; sourceTree = SDKROOT; };
		1EC913B71A39887200D236A7 /* MediaPlayer.framework */ = {isa = PBXFileReference; lastKnownFileType = wrapper.framework; name = MediaPlayer.framework; path = System/Library/Frameworks/MediaPlayer.framework; sourceTree = SDKROOT; };
		1EC913B91A39887C00D236A7 /* Security.framework */ = {isa = PBXFileReference; lastKnownFileType = wrapper.framework; name = Security.framework; path = System/Library/Frameworks/Security.framework; sourceTree = SDKROOT; };
		1EC913BB1A39888500D236A7 /* SystemConfiguration.framework */ = {isa = PBXFileReference; lastKnownFileType = wrapper.framework; name = SystemConfiguration.framework; path = System/Library/Frameworks/SystemConfiguration.framework; sourceTree = SDKROOT; };
		1EC913BD1A39888B00D236A7 /* UIKit.framework */ = {isa = PBXFileReference; lastKnownFileType = wrapper.framework; name = UIKit.framework; path = System/Library/Frameworks/UIKit.framework; sourceTree = SDKROOT; };
		1ED01E841A3E8ABA008DFD77 /* OMHClient.h */ = {isa = PBXFileReference; lastKnownFileType = sourcecode.c.h; path = OMHClient.h; sourceTree = "<group>"; };
/* End PBXFileReference section */

/* Begin PBXFrameworksBuildPhase section */
		1EC9132F1A39836000D236A7 /* Frameworks */ = {
			isa = PBXFrameworksBuildPhase;
			buildActionMask = 2147483647;
			files = (
				1EB766521A39C03F007921A4 /* SystemConfiguration.framework in Frameworks */,
				1E3FD0BF1A3E8FF7000C7E58 /* GooglePlus.framework in Frameworks */,
				1E3FD0BD1A3E8FF7000C7E58 /* GoogleOpenSource.framework in Frameworks */,
				1EB766511A39C037007921A4 /* UIKit.framework in Frameworks */,
				1EB766531A39C044007921A4 /* Security.framework in Frameworks */,
				1EB766541A39C044007921A4 /* MediaPlayer.framework in Frameworks */,
				1EB766551A39C044007921A4 /* CoreText.framework in Frameworks */,
				1EB766561A39C044007921A4 /* CoreMotion.framework in Frameworks */,
				1EB766571A39C044007921A4 /* CoreLocation.framework in Frameworks */,
				1EB766581A39C044007921A4 /* Foundation.framework in Frameworks */,
				1EB766591A39C044007921A4 /* AssetsLibrary.framework in Frameworks */,
				1EB7665A1A39C044007921A4 /* AddressBook.framework in Frameworks */,
			);
			runOnlyForDeploymentPostprocessing = 0;
		};
/* End PBXFrameworksBuildPhase section */

/* Begin PBXGroup section */
		1E3FD08A1A3E8FF7000C7E58 /* AFNetworking */ = {
			isa = PBXGroup;
			children = (
				1E3FD08B1A3E8FF7000C7E58 /* AFHTTPRequestOperation.h */,
				1E3FD08C1A3E8FF7000C7E58 /* AFHTTPRequestOperation.m */,
				1E3FD08D1A3E8FF7000C7E58 /* AFHTTPRequestOperationManager.h */,
				1E3FD08E1A3E8FF7000C7E58 /* AFHTTPRequestOperationManager.m */,
				1E3FD08F1A3E8FF7000C7E58 /* AFHTTPSessionManager.h */,
				1E3FD0901A3E8FF7000C7E58 /* AFHTTPSessionManager.m */,
				1E3FD0911A3E8FF7000C7E58 /* AFNetworkActivityIndicatorManager.h */,
				1E3FD0921A3E8FF7000C7E58 /* AFNetworkActivityIndicatorManager.m */,
				1E3FD0931A3E8FF7000C7E58 /* AFNetworking.h */,
				1E3FD0941A3E8FF7000C7E58 /* AFNetworkReachabilityManager.h */,
				1E3FD0951A3E8FF7000C7E58 /* AFNetworkReachabilityManager.m */,
				1E3FD0961A3E8FF7000C7E58 /* AFSecurityPolicy.h */,
				1E3FD0971A3E8FF7000C7E58 /* AFSecurityPolicy.m */,
				1E3FD0981A3E8FF7000C7E58 /* AFURLConnectionOperation.h */,
				1E3FD0991A3E8FF7000C7E58 /* AFURLConnectionOperation.m */,
				1E3FD09A1A3E8FF7000C7E58 /* AFURLRequestSerialization.h */,
				1E3FD09B1A3E8FF7000C7E58 /* AFURLRequestSerialization.m */,
				1E3FD09C1A3E8FF7000C7E58 /* AFURLResponseSerialization.h */,
				1E3FD09D1A3E8FF7000C7E58 /* AFURLResponseSerialization.m */,
				1E3FD09E1A3E8FF7000C7E58 /* AFURLSessionManager.h */,
				1E3FD09F1A3E8FF7000C7E58 /* AFURLSessionManager.m */,
			);
			path = AFNetworking;
			sourceTree = "<group>";
		};
		1E3FD0A01A3E8FF7000C7E58 /* GoogleSDK */ = {
			isa = PBXGroup;
			children = (
				1E3FD0A11A3E8FF7000C7E58 /* GoogleOpenSource.framework */,
				1E3FD0A21A3E8FF7000C7E58 /* GooglePlus.bundle */,
				1E3FD0A31A3E8FF7000C7E58 /* GooglePlus.framework */,
			);
			path = GoogleSDK;
			sourceTree = "<group>";
		};
		1EC913291A39836000D236A7 = {
			isa = PBXGroup;
			children = (
				1EC913351A39836000D236A7 /* OMHClient */,
				1EC913721A39875F00D236A7 /* OMHClientLibrary */,
				1EC913341A39836000D236A7 /* Products */,
			);
			sourceTree = "<group>";
		};
		1EC913341A39836000D236A7 /* Products */ = {
			isa = PBXGroup;
			children = (
				1EC913331A39836000D236A7 /* OMHClient.framework */,
			);
			name = Products;
			sourceTree = "<group>";
		};
		1EC913351A39836000D236A7 /* OMHClient */ = {
			isa = PBXGroup;
			children = (
				1ED01E841A3E8ABA008DFD77 /* OMHClient.h */,
				1EC913381A39836000D236A7 /* OMHClientFramework.h */,
				1E3FD0A41A3E8FF7000C7E58 /* OMHClientDSUConnector.h */,
				1E3FD0A51A3E8FF7000C7E58 /* OMHClientDSUConnector.m */,
				1E3FD0A61A3E8FF7000C7E58 /* OMHDataPoint.h */,
				1E3FD0A71A3E8FF7000C7E58 /* OMHDataPoint.m */,
				1E3FD08A1A3E8FF7000C7E58 /* AFNetworking */,
				1E3FD0A01A3E8FF7000C7E58 /* GoogleSDK */,
				1EC913BF1A3988A600D236A7 /* Frameworks */,
				1EC913361A39836000D236A7 /* Supporting Files */,
			);
			path = OMHClient;
			sourceTree = "<group>";
		};
		1EC913361A39836000D236A7 /* Supporting Files */ = {
			isa = PBXGroup;
			children = (
				1EC913371A39836000D236A7 /* Info.plist */,
			);
			name = "Supporting Files";
			sourceTree = "<group>";
		};
		1EC913721A39875F00D236A7 /* OMHClientLibrary */ = {
			isa = PBXGroup;
			children = (
			);
			path = OMHClientLibrary;
			sourceTree = "<group>";
		};
		1EC913BF1A3988A600D236A7 /* Frameworks */ = {
			isa = PBXGroup;
			children = (
				1EC913BD1A39888B00D236A7 /* UIKit.framework */,
				1EC913BB1A39888500D236A7 /* SystemConfiguration.framework */,
				1EC913B91A39887C00D236A7 /* Security.framework */,
				1EC913B71A39887200D236A7 /* MediaPlayer.framework */,
				1EC913B51A39886C00D236A7 /* CoreText.framework */,
				1EC913B31A39886100D236A7 /* CoreMotion.framework */,
				1EC913B11A39885B00D236A7 /* CoreLocation.framework */,
				1EC913AF1A39884C00D236A7 /* Foundation.framework */,
				1EC913AD1A39884000D236A7 /* AssetsLibrary.framework */,
				1EC913AB1A39883A00D236A7 /* AddressBook.framework */,
			);
			name = Frameworks;
			path = OMHClientLibrary;
			sourceTree = SOURCE_ROOT;
		};
/* End PBXGroup section */

/* Begin PBXHeadersBuildPhase section */
		1EC913301A39836000D236A7 /* Headers */ = {
			isa = PBXHeadersBuildPhase;
			buildActionMask = 2147483647;
			files = (
				1E3FD0BB1A3E8FF7000C7E58 /* AFURLSessionManager.h in Headers */,
				1E3FD0B11A3E8FF7000C7E58 /* AFNetworkReachabilityManager.h in Headers */,
				1EC913391A39836000D236A7 /* OMHClientFramework.h in Headers */,
				1E3FD0B71A3E8FF7000C7E58 /* AFURLRequestSerialization.h in Headers */,
				1E3FD0A81A3E8FF7000C7E58 /* AFHTTPRequestOperation.h in Headers */,
				1E3FD0AC1A3E8FF7000C7E58 /* AFHTTPSessionManager.h in Headers */,
				1E3FD0AA1A3E8FF7000C7E58 /* AFHTTPRequestOperationManager.h in Headers */,
				1E3FD0B91A3E8FF7000C7E58 /* AFURLResponseSerialization.h in Headers */,
				1E3FD0C01A3E8FF7000C7E58 /* OMHClientDSUConnector.h in Headers */,
				1E3FD0AE1A3E8FF7000C7E58 /* AFNetworkActivityIndicatorManager.h in Headers */,
				1E3FD0C21A3E8FF7000C7E58 /* OMHDataPoint.h in Headers */,
				1E3FD0B51A3E8FF7000C7E58 /* AFURLConnectionOperation.h in Headers */,
				1E3FD0B01A3E8FF7000C7E58 /* AFNetworking.h in Headers */,
				1E3FD0B31A3E8FF7000C7E58 /* AFSecurityPolicy.h in Headers */,
			);
			runOnlyForDeploymentPostprocessing = 0;
		};
/* End PBXHeadersBuildPhase section */

/* Begin PBXNativeTarget section */
		1EC913321A39836000D236A7 /* OMHClient */ = {
			isa = PBXNativeTarget;
			buildConfigurationList = 1EC913491A39836100D236A7 /* Build configuration list for PBXNativeTarget "OMHClient" */;
			buildPhases = (
				1EC9132E1A39836000D236A7 /* Sources */,
				1EC9132F1A39836000D236A7 /* Frameworks */,
				1EC913301A39836000D236A7 /* Headers */,
				1EC913311A39836000D236A7 /* Resources */,
			);
			buildRules = (
			);
			dependencies = (
			);
			name = OMHClient;
			productName = OMHClient;
			productReference = 1EC913331A39836000D236A7 /* OMHClient.framework */;
			productType = "com.apple.product-type.framework";
		};
/* End PBXNativeTarget section */

/* Begin PBXProject section */
		1EC9132A1A39836000D236A7 /* Project object */ = {
			isa = PBXProject;
			attributes = {
				LastUpgradeCheck = 0610;
				ORGANIZATIONNAME = "Open mHealth";
				TargetAttributes = {
					1EC913321A39836000D236A7 = {
						CreatedOnToolsVersion = 6.1.1;
					};
					1EC913E11A39988600D236A7 = {
						CreatedOnToolsVersion = 6.1.1;
					};
				};
			};
			buildConfigurationList = 1EC9132D1A39836000D236A7 /* Build configuration list for PBXProject "OMHClient" */;
			compatibilityVersion = "Xcode 3.2";
			developmentRegion = English;
			hasScannedForEncodings = 0;
			knownRegions = (
				en,
			);
			mainGroup = 1EC913291A39836000D236A7;
			productRefGroup = 1EC913341A39836000D236A7 /* Products */;
			projectDirPath = "";
			projectRoot = "";
			targets = (
				1EC913321A39836000D236A7 /* OMHClient */,
				1EC913E11A39988600D236A7 /* UniversalFramework */,
			);
		};
/* End PBXProject section */

/* Begin PBXResourcesBuildPhase section */
		1EC913311A39836000D236A7 /* Resources */ = {
			isa = PBXResourcesBuildPhase;
			buildActionMask = 2147483647;
			files = (
				1E3FD0BE1A3E8FF7000C7E58 /* GooglePlus.bundle in Resources */,
			);
			runOnlyForDeploymentPostprocessing = 0;
		};
/* End PBXResourcesBuildPhase section */

/* Begin PBXShellScriptBuildPhase section */
		1EC913E51A39989800D236A7 /* Build Universal Framework */ = {
			isa = PBXShellScriptBuildPhase;
			buildActionMask = 2147483647;
			files = (
			);
			inputPaths = (
			);
			name = "Build Universal Framework";
			outputPaths = (
			);
			runOnlyForDeploymentPostprocessing = 0;
			shellPath = /bin/sh;
			shellScript = "# This script is based on Jacob Van Order's answer on apple dev forums https://devforums.apple.com/message/971277\n# See also http://spin.atomicobject.com/2011/12/13/building-a-universal-framework-for-ios/ for the start\n\n\n# To get this to work with a Xcode 6 Cocoa Touch Framework, create Framework\n# Then create a new Aggregate Target. Throw this script into a Build Script Phrase on the Aggregate\n\n\n######################\n# Options\n######################\n\nset -e\n\nREVEAL_ARCHIVE_IN_FINDER=true\n\nFRAMEWORK_NAME=\"${PROJECT_NAME}\"\n\nSIMULATOR_LIBRARY_PATH=\"${BUILD_DIR}/${CONFIGURATION}-iphonesimulator/${FRAMEWORK_NAME}.framework\"\n\nDEVICE_LIBRARY_PATH=\"${BUILD_DIR}/${CONFIGURATION}-iphoneos/${FRAMEWORK_NAME}.framework\"\n\nUNIVERSAL_LIBRARY_DIR=\"${BUILD_DIR}/${CONFIGURATION}-iphoneuniversal\"\n\nFRAMEWORK=\"${UNIVERSAL_LIBRARY_DIR}/${FRAMEWORK_NAME}.framework\"\n\nUNIVERSAL_OUTPUT_DIR=\"${PROJECT_DIR}/${PROJECT_NAME} Framework\"\n\n\n######################\n# Build Frameworks\n######################\n\n#xcodebuild -project ${PROJECT_NAME}.xcodeproj -sdk iphonesimulator -target ${PROJECT_NAME} -configuration ${CONFIGURATION} clean build CONFIGURATION_BUILD_DIR=${BUILD_DIR}/${CONFIGURATION}-iphonesimulator | echo\n\n#xcodebuild -project ${PROJECT_NAME}.xcodeproj -sdk iphoneos -target ${PROJECT_NAME} -configuration ${CONFIGURATION} clean build CONFIGURATION_BUILD_DIR=${BUILD_DIR}/${CONFIGURATION}-iphoneos | echo\n\nxcodebuild -target ${PROJECT_NAME} ONLY_ACTIVE_ARCH=NO -configuration ${CONFIGURATION} -sdk iphoneos  BUILD_DIR=\"${BUILD_DIR}\" BUILD_ROOT=\"${BUILD_ROOT}\" | echo\n\nxcodebuild -target ${PROJECT_NAME} ONLY_ACTIVE_ARCH=NO -configuration ${CONFIGURATION} -sdk iphonesimulator  BUILD_DIR=\"${BUILD_DIR}\" BUILD_ROOT=\"${BUILD_ROOT}\" | echo\n\n\n######################\n# Create directory for universal\n######################\n\nrm -rf \"${UNIVERSAL_LIBRARY_DIR}\"\n\nmkdir \"${UNIVERSAL_LIBRARY_DIR}\"\n\nmkdir \"${FRAMEWORK}\"\n\n\n######################\n# Copy files Framework\n######################\n\ncp -r \"${DEVICE_LIBRARY_PATH}/.\" \"${FRAMEWORK}\"\n\n\n######################\n# Make fat universal binary\n######################\n\nlipo \"${SIMULATOR_LIBRARY_PATH}/${FRAMEWORK_NAME}\" \"${DEVICE_LIBRARY_PATH}/${FRAMEWORK_NAME}\" -create -output \"${FRAMEWORK}/${FRAMEWORK_NAME}\" | echo\n\n\n######################\n# On Release, copy the result to UNIVERSAL_OUTPUT_DIR\n######################\n\nif [ \"${CONFIGURATION}\" == \"Release\" ]; then\nmkdir -p \"${UNIVERSAL_OUTPUT_DIR}\"\ncp -r \"${FRAMEWORK}\" \"${UNIVERSAL_OUTPUT_DIR}\"\nfi\n\n\n######################\n# If needed, open the Framework folder\n######################\n\nif [ ${REVEAL_ARCHIVE_IN_FINDER} = true ]; then\nif [ \"${CONFIGURATION}\" == \"Release\" ]; then\nopen \"${UNIVERSAL_OUTPUT_DIR}/\"\nelse\nopen \"${UNIVERSAL_LIBRARY_DIR}/\"\nfi\nfi\n\n\n";
		};
/* End PBXShellScriptBuildPhase section */

/* Begin PBXSourcesBuildPhase section */
		1EC9132E1A39836000D236A7 /* Sources */ = {
			isa = PBXSourcesBuildPhase;
			buildActionMask = 2147483647;
			files = (
				1E3FD0B61A3E8FF7000C7E58 /* AFURLConnectionOperation.m in Sources */,
				1E3FD0C31A3E8FF7000C7E58 /* OMHDataPoint.m in Sources */,
				1E3FD0BA1A3E8FF7000C7E58 /* AFURLResponseSerialization.m in Sources */,
				1E3FD0AF1A3E8FF7000C7E58 /* AFNetworkActivityIndicatorManager.m in Sources */,
				1E3FD0C11A3E8FF7000C7E58 /* OMHClientDSUConnector.m in Sources */,
				1E3FD0AD1A3E8FF7000C7E58 /* AFHTTPSessionManager.m in Sources */,
				1E3FD0B21A3E8FF7000C7E58 /* AFNetworkReachabilityManager.m in Sources */,
				1E3FD0BC1A3E8FF7000C7E58 /* AFURLSessionManager.m in Sources */,
				1E3FD0AB1A3E8FF7000C7E58 /* AFHTTPRequestOperationManager.m in Sources */,
				1E3FD0B41A3E8FF7000C7E58 /* AFSecurityPolicy.m in Sources */,
				1E3FD0A91A3E8FF7000C7E58 /* AFHTTPRequestOperation.m in Sources */,
				1E3FD0B81A3E8FF7000C7E58 /* AFURLRequestSerialization.m in Sources */,
			);
			runOnlyForDeploymentPostprocessing = 0;
		};
/* End PBXSourcesBuildPhase section */

/* Begin XCBuildConfiguration section */
		1EC913471A39836100D236A7 /* Debug */ = {
			isa = XCBuildConfiguration;
			buildSettings = {
				ALWAYS_SEARCH_USER_PATHS = NO;
				CLANG_CXX_LANGUAGE_STANDARD = "gnu++0x";
				CLANG_CXX_LIBRARY = "libc++";
				CLANG_ENABLE_MODULES = YES;
				CLANG_ENABLE_OBJC_ARC = YES;
				CLANG_WARN_BOOL_CONVERSION = YES;
				CLANG_WARN_CONSTANT_CONVERSION = YES;
				CLANG_WARN_DIRECT_OBJC_ISA_USAGE = YES_ERROR;
				CLANG_WARN_EMPTY_BODY = YES;
				CLANG_WARN_ENUM_CONVERSION = YES;
				CLANG_WARN_INT_CONVERSION = YES;
				CLANG_WARN_OBJC_ROOT_CLASS = YES_ERROR;
				CLANG_WARN_UNREACHABLE_CODE = YES;
				CLANG_WARN__DUPLICATE_METHOD_MATCH = YES;
				"CODE_SIGN_IDENTITY[sdk=iphoneos*]" = "iPhone Developer";
				COPY_PHASE_STRIP = NO;
				CURRENT_PROJECT_VERSION = 1;
				ENABLE_STRICT_OBJC_MSGSEND = YES;
				GCC_C_LANGUAGE_STANDARD = gnu99;
				GCC_DYNAMIC_NO_PIC = NO;
				GCC_OPTIMIZATION_LEVEL = 0;
				GCC_PREPROCESSOR_DEFINITIONS = (
					"DEBUG=1",
					"$(inherited)",
				);
				GCC_SYMBOLS_PRIVATE_EXTERN = NO;
				GCC_WARN_64_TO_32_BIT_CONVERSION = YES;
				GCC_WARN_ABOUT_RETURN_TYPE = YES_ERROR;
				GCC_WARN_UNDECLARED_SELECTOR = YES;
				GCC_WARN_UNINITIALIZED_AUTOS = YES_AGGRESSIVE;
				GCC_WARN_UNUSED_FUNCTION = YES;
				GCC_WARN_UNUSED_VARIABLE = YES;
				IPHONEOS_DEPLOYMENT_TARGET = 8.1;
				MTL_ENABLE_DEBUG_INFO = YES;
				ONLY_ACTIVE_ARCH = YES;
				SDKROOT = iphoneos;
				TARGETED_DEVICE_FAMILY = "1,2";
				VERSIONING_SYSTEM = "apple-generic";
				VERSION_INFO_PREFIX = "";
			};
			name = Debug;
		};
		1EC913481A39836100D236A7 /* Release */ = {
			isa = XCBuildConfiguration;
			buildSettings = {
				ALWAYS_SEARCH_USER_PATHS = NO;
				CLANG_CXX_LANGUAGE_STANDARD = "gnu++0x";
				CLANG_CXX_LIBRARY = "libc++";
				CLANG_ENABLE_MODULES = YES;
				CLANG_ENABLE_OBJC_ARC = YES;
				CLANG_WARN_BOOL_CONVERSION = YES;
				CLANG_WARN_CONSTANT_CONVERSION = YES;
				CLANG_WARN_DIRECT_OBJC_ISA_USAGE = YES_ERROR;
				CLANG_WARN_EMPTY_BODY = YES;
				CLANG_WARN_ENUM_CONVERSION = YES;
				CLANG_WARN_INT_CONVERSION = YES;
				CLANG_WARN_OBJC_ROOT_CLASS = YES_ERROR;
				CLANG_WARN_UNREACHABLE_CODE = YES;
				CLANG_WARN__DUPLICATE_METHOD_MATCH = YES;
				"CODE_SIGN_IDENTITY[sdk=iphoneos*]" = "iPhone Developer";
				COPY_PHASE_STRIP = YES;
				CURRENT_PROJECT_VERSION = 1;
				ENABLE_NS_ASSERTIONS = NO;
				ENABLE_STRICT_OBJC_MSGSEND = YES;
				GCC_C_LANGUAGE_STANDARD = gnu99;
				GCC_WARN_64_TO_32_BIT_CONVERSION = YES;
				GCC_WARN_ABOUT_RETURN_TYPE = YES_ERROR;
				GCC_WARN_UNDECLARED_SELECTOR = YES;
				GCC_WARN_UNINITIALIZED_AUTOS = YES_AGGRESSIVE;
				GCC_WARN_UNUSED_FUNCTION = YES;
				GCC_WARN_UNUSED_VARIABLE = YES;
				IPHONEOS_DEPLOYMENT_TARGET = 8.1;
				MTL_ENABLE_DEBUG_INFO = NO;
				SDKROOT = iphoneos;
				TARGETED_DEVICE_FAMILY = "1,2";
				VALIDATE_PRODUCT = YES;
				VERSIONING_SYSTEM = "apple-generic";
				VERSION_INFO_PREFIX = "";
			};
			name = Release;
		};
		1EC9134A1A39836100D236A7 /* Debug */ = {
			isa = XCBuildConfiguration;
			buildSettings = {
				ARCHS = (
					"$(ARCHS_STANDARD)",
					armv7s,
				);
				CODE_SIGN_IDENTITY = "iPhone Developer: Charles Forkish (A2HDKNQ6ZN)";
				COPY_PHASE_STRIP = NO;
				DEFINES_MODULE = YES;
				DYLIB_COMPATIBILITY_VERSION = 1;
				DYLIB_CURRENT_VERSION = 1;
				DYLIB_INSTALL_NAME_BASE = "@rpath";
				FRAMEWORK_SEARCH_PATHS = (
					"$(inherited)",
					"$(PROJECT_DIR)/OMHClientLibrary/GoogleSDK",
					"$(PROJECT_DIR)/OMHClient/GoogleSDK",
				);
				INFOPLIST_FILE = OMHClient/Info.plist;
				INSTALL_PATH = "$(LOCAL_LIBRARY_DIR)/Frameworks";
				IPHONEOS_DEPLOYMENT_TARGET = 8.1;
				LD_RUNPATH_SEARCH_PATHS = "$(inherited) @executable_path/Frameworks @loader_path/Frameworks";
				ONLY_ACTIVE_ARCH = NO;
				OTHER_LDFLAGS = "-ObjC";
				PRODUCT_NAME = "$(TARGET_NAME)";
				SDKROOT = iphoneos;
				SKIP_INSTALL = YES;
				STRIP_STYLE = "non-global";
				VALID_ARCHS = "arm64 armv7 armv7s i386 x86_64";
			};
			name = Debug;
		};
		1EC9134B1A39836100D236A7 /* Release */ = {
			isa = XCBuildConfiguration;
			buildSettings = {
				ARCHS = (
					"$(ARCHS_STANDARD)",
					armv7s,
				);
				CODE_SIGN_IDENTITY = "iPhone Developer: Charles Forkish (A2HDKNQ6ZN)";
				COPY_PHASE_STRIP = NO;
				DEFINES_MODULE = YES;
				DYLIB_COMPATIBILITY_VERSION = 1;
				DYLIB_CURRENT_VERSION = 1;
				DYLIB_INSTALL_NAME_BASE = "@rpath";
				FRAMEWORK_SEARCH_PATHS = (
					"$(inherited)",
					"$(PROJECT_DIR)/OMHClientLibrary/GoogleSDK",
					"$(PROJECT_DIR)/OMHClient/GoogleSDK",
				);
				INFOPLIST_FILE = OMHClient/Info.plist;
				INSTALL_PATH = "$(LOCAL_LIBRARY_DIR)/Frameworks";
				IPHONEOS_DEPLOYMENT_TARGET = 8.1;
				LD_RUNPATH_SEARCH_PATHS = "$(inherited) @executable_path/Frameworks @loader_path/Frameworks";
				OTHER_LDFLAGS = "-ObjC";
				PRODUCT_NAME = "$(TARGET_NAME)";
				SDKROOT = iphoneos;
				SKIP_INSTALL = YES;
				STRIP_STYLE = "non-global";
				VALID_ARCHS = "arm64 armv7 armv7s i386 x86_64";
			};
			name = Release;
		};
		1EC913E31A39988600D236A7 /* Debug */ = {
			isa = XCBuildConfiguration;
			buildSettings = {
				PRODUCT_NAME = "$(TARGET_NAME)";
			};
			name = Debug;
		};
		1EC913E41A39988600D236A7 /* Release */ = {
			isa = XCBuildConfiguration;
			buildSettings = {
				PRODUCT_NAME = "$(TARGET_NAME)";
			};
			name = Release;
		};
/* End XCBuildConfiguration section */

/* Begin XCConfigurationList section */
		1EC9132D1A39836000D236A7 /* Build configuration list for PBXProject "OMHClient" */ = {
			isa = XCConfigurationList;
			buildConfigurations = (
				1EC913471A39836100D236A7 /* Debug */,
				1EC913481A39836100D236A7 /* Release */,
			);
			defaultConfigurationIsVisible = 0;
			defaultConfigurationName = Release;
		};
		1EC913491A39836100D236A7 /* Build configuration list for PBXNativeTarget "OMHClient" */ = {
			isa = XCConfigurationList;
			buildConfigurations = (
				1EC9134A1A39836100D236A7 /* Debug */,
				1EC9134B1A39836100D236A7 /* Release */,
			);
			defaultConfigurationIsVisible = 0;
			defaultConfigurationName = Release;
		};
		1EC913E21A39988600D236A7 /* Build configuration list for PBXAggregateTarget "UniversalFramework" */ = {
			isa = XCConfigurationList;
			buildConfigurations = (
				1EC913E31A39988600D236A7 /* Debug */,
				1EC913E41A39988600D236A7 /* Release */,
			);
			defaultConfigurationIsVisible = 0;
			defaultConfigurationName = Release;
		};
/* End XCConfigurationList section */
	};
	rootObject = 1EC9132A1A39836000D236A7 /* Project object */;
}
